// !$*UTF8*$!
{
	archiveVersion = 1;
	classes = {
	};
	objectVersion = 50;
	objects = {

/* Begin PBXBuildFile section */
		F84DA79921A1D2B500CC47FA /* Extensions.swift in Sources */ = {isa = PBXBuildFile; fileRef = F84DA79821A1D2B500CC47FA /* Extensions.swift */; };
		F84DA79B21A1DC4500CC47FA /* ImageViewWithGrid.swift in Sources */ = {isa = PBXBuildFile; fileRef = F84DA79A21A1DC4500CC47FA /* ImageViewWithGrid.swift */; };
		F8CCA4B621A1C88E006014EF /* AppDelegate.swift in Sources */ = {isa = PBXBuildFile; fileRef = F8CCA4B521A1C88E006014EF /* AppDelegate.swift */; };
		F8CCA4B821A1C88E006014EF /* InitialViewController.swift in Sources */ = {isa = PBXBuildFile; fileRef = F8CCA4B721A1C88E006014EF /* InitialViewController.swift */; };
		F8CCA4BA21A1C896006014EF /* Assets.xcassets in Resources */ = {isa = PBXBuildFile; fileRef = F8CCA4B921A1C896006014EF /* Assets.xcassets */; };
		F8CCA4BD21A1C896006014EF /* Main.storyboard in Resources */ = {isa = PBXBuildFile; fileRef = F8CCA4BB21A1C896006014EF /* Main.storyboard */; };
		F8CCA4C621A1CCB9006014EF /* ImageViewController.swift in Sources */ = {isa = PBXBuildFile; fileRef = F8CCA4C521A1CCB9006014EF /* ImageViewController.swift */; };
/* End PBXBuildFile section */

/* Begin PBXFileReference section */
		F84DA79821A1D2B500CC47FA /* Extensions.swift */ = {isa = PBXFileReference; lastKnownFileType = sourcecode.swift; path = Extensions.swift; sourceTree = "<group>"; };
		F84DA79A21A1DC4500CC47FA /* ImageViewWithGrid.swift */ = {isa = PBXFileReference; lastKnownFileType = sourcecode.swift; path = ImageViewWithGrid.swift; sourceTree = "<group>"; };
		F8CCA4B221A1C88E006014EF /* SpritesheetCutter.app */ = {isa = PBXFileReference; explicitFileType = wrapper.application; includeInIndex = 0; path = SpritesheetCutter.app; sourceTree = BUILT_PRODUCTS_DIR; };
		F8CCA4B521A1C88E006014EF /* AppDelegate.swift */ = {isa = PBXFileReference; lastKnownFileType = sourcecode.swift; path = AppDelegate.swift; sourceTree = "<group>"; };
		F8CCA4B721A1C88E006014EF /* InitialViewController.swift */ = {isa = PBXFileReference; lastKnownFileType = sourcecode.swift; path = InitialViewController.swift; sourceTree = "<group>"; };
		F8CCA4B921A1C896006014EF /* Assets.xcassets */ = {isa = PBXFileReference; lastKnownFileType = folder.assetcatalog; path = Assets.xcassets; sourceTree = "<group>"; };
		F8CCA4BC21A1C896006014EF /* Base */ = {isa = PBXFileReference; lastKnownFileType = file.storyboard; name = Base; path = Base.lproj/Main.storyboard; sourceTree = "<group>"; };
		F8CCA4BE21A1C896006014EF /* Info.plist */ = {isa = PBXFileReference; lastKnownFileType = text.plist.xml; path = Info.plist; sourceTree = "<group>"; };
		F8CCA4BF21A1C896006014EF /* SpritesheetCutter.entitlements */ = {isa = PBXFileReference; lastKnownFileType = text.plist.entitlements; path = SpritesheetCutter.entitlements; sourceTree = "<group>"; };
		F8CCA4C521A1CCB9006014EF /* ImageViewController.swift */ = {isa = PBXFileReference; lastKnownFileType = sourcecode.swift; path = ImageViewController.swift; sourceTree = "<group>"; };
/* End PBXFileReference section */

/* Begin PBXFrameworksBuildPhase section */
		F8CCA4AF21A1C88E006014EF /* Frameworks */ = {
			isa = PBXFrameworksBuildPhase;
			buildActionMask = 2147483647;
			files = (
			);
			runOnlyForDeploymentPostprocessing = 0;
		};
/* End PBXFrameworksBuildPhase section */

/* Begin PBXGroup section */
		F8CCA4A921A1C88E006014EF = {
			isa = PBXGroup;
			children = (
				F8CCA4B421A1C88E006014EF /* SpritesheetCutter */,
				F8CCA4B321A1C88E006014EF /* Products */,
			);
			sourceTree = "<group>";
		};
		F8CCA4B321A1C88E006014EF /* Products */ = {
			isa = PBXGroup;
			children = (
				F8CCA4B221A1C88E006014EF /* SpritesheetCutter.app */,
			);
			name = Products;
			sourceTree = "<group>";
		};
		F8CCA4B421A1C88E006014EF /* SpritesheetCutter */ = {
			isa = PBXGroup;
			children = (
				F8CCA4B521A1C88E006014EF /* AppDelegate.swift */,
				F8CCA4B721A1C88E006014EF /* InitialViewController.swift */,
				F8CCA4C521A1CCB9006014EF /* ImageViewController.swift */,
				F84DA79A21A1DC4500CC47FA /* ImageViewWithGrid.swift */,
				F8CCA4B921A1C896006014EF /* Assets.xcassets */,
				F8CCA4BB21A1C896006014EF /* Main.storyboard */,
				F8CCA4BE21A1C896006014EF /* Info.plist */,
				F8CCA4BF21A1C896006014EF /* SpritesheetCutter.entitlements */,
				F84DA79821A1D2B500CC47FA /* Extensions.swift */,
			);
			path = SpritesheetCutter;
			sourceTree = "<group>";
		};
/* End PBXGroup section */

/* Begin PBXNativeTarget section */
		F8CCA4B121A1C88E006014EF /* SpritesheetCutter */ = {
			isa = PBXNativeTarget;
			buildConfigurationList = F8CCA4C221A1C896006014EF /* Build configuration list for PBXNativeTarget "SpritesheetCutter" */;
			buildPhases = (
				F8CCA4AE21A1C88E006014EF /* Sources */,
				F8CCA4AF21A1C88E006014EF /* Frameworks */,
				F8CCA4B021A1C88E006014EF /* Resources */,
			);
			buildRules = (
			);
			dependencies = (
			);
			name = SpritesheetCutter;
			productName = SpritesheetCutter;
			productReference = F8CCA4B221A1C88E006014EF /* SpritesheetCutter.app */;
			productType = "com.apple.product-type.application";
		};
/* End PBXNativeTarget section */

/* Begin PBXProject section */
		F8CCA4AA21A1C88E006014EF /* Project object */ = {
			isa = PBXProject;
			attributes = {
				LastSwiftUpdateCheck = 1010;
				LastUpgradeCheck = 1010;
				ORGANIZATIONNAME = oleygen;
				TargetAttributes = {
					F8CCA4B121A1C88E006014EF = {
						CreatedOnToolsVersion = 10.1;
						SystemCapabilities = {
							com.apple.Sandbox = {
								enabled = 0;
							};
						};
					};
				};
			};
			buildConfigurationList = F8CCA4AD21A1C88E006014EF /* Build configuration list for PBXProject "SpritesheetCutter" */;
			compatibilityVersion = "Xcode 9.3";
			developmentRegion = en;
			hasScannedForEncodings = 0;
			knownRegions = (
				en,
				Base,
			);
			mainGroup = F8CCA4A921A1C88E006014EF;
			productRefGroup = F8CCA4B321A1C88E006014EF /* Products */;
			projectDirPath = "";
			projectRoot = "";
			targets = (
				F8CCA4B121A1C88E006014EF /* SpritesheetCutter */,
			);
		};
/* End PBXProject section */

/* Begin PBXResourcesBuildPhase section */
		F8CCA4B021A1C88E006014EF /* Resources */ = {
			isa = PBXResourcesBuildPhase;
			buildActionMask = 2147483647;
			files = (
				F8CCA4BA21A1C896006014EF /* Assets.xcassets in Resources */,
				F8CCA4BD21A1C896006014EF /* Main.storyboard in Resources */,
			);
			runOnlyForDeploymentPostprocessing = 0;
		};
/* End PBXResourcesBuildPhase section */

/* Begin PBXSourcesBuildPhase section */
		F8CCA4AE21A1C88E006014EF /* Sources */ = {
			isa = PBXSourcesBuildPhase;
			buildActionMask = 2147483647;
			files = (
				F8CCA4B821A1C88E006014EF /* InitialViewController.swift in Sources */,
				F8CCA4C621A1CCB9006014EF /* ImageViewController.swift in Sources */,
				F84DA79B21A1DC4500CC47FA /* ImageViewWithGrid.swift in Sources */,
				F8CCA4B621A1C88E006014EF /* AppDelegate.swift in Sources */,
				F84DA79921A1D2B500CC47FA /* Extensions.swift in Sources */,
			);
			runOnlyForDeploymentPostprocessing = 0;
		};
/* End PBXSourcesBuildPhase section */

/* Begin PBXVariantGroup section */
		F8CCA4BB21A1C896006014EF /* Main.storyboard */ = {
			isa = PBXVariantGroup;
			children = (
				F8CCA4BC21A1C896006014EF /* Base */,
			);
			name = Main.storyboard;
			sourceTree = "<group>";
		};
/* End PBXVariantGroup section */

/* Begin XCBuildConfiguration section */
		F8CCA4C021A1C896006014EF /* Debug */ = {
			isa = XCBuildConfiguration;
			buildSettings = {
				ALWAYS_SEARCH_USER_PATHS = NO;
				CLANG_ANALYZER_NONNULL = YES;
				CLANG_ANALYZER_NUMBER_OBJECT_CONVERSION = YES_AGGRESSIVE;
				CLANG_CXX_LANGUAGE_STANDARD = "gnu++14";
				CLANG_CXX_LIBRARY = "libc++";
				CLANG_ENABLE_MODULES = YES;
				CLANG_ENABLE_OBJC_ARC = YES;
				CLANG_ENABLE_OBJC_WEAK = YES;
				CLANG_WARN_BLOCK_CAPTURE_AUTORELEASING = YES;
				CLANG_WARN_BOOL_CONVERSION = YES;
				CLANG_WARN_COMMA = YES;
				CLANG_WARN_CONSTANT_CONVERSION = YES;
				CLANG_WARN_DEPRECATED_OBJC_IMPLEMENTATIONS = YES;
				CLANG_WARN_DIRECT_OBJC_ISA_USAGE = YES_ERROR;
				CLANG_WARN_DOCUMENTATION_COMMENTS = YES;
				CLANG_WARN_EMPTY_BODY = YES;
				CLANG_WARN_ENUM_CONVERSION = YES;
				CLANG_WARN_INFINITE_RECURSION = YES;
				CLANG_WARN_INT_CONVERSION = YES;
				CLANG_WARN_NON_LITERAL_NULL_CONVERSION = YES;
				CLANG_WARN_OBJC_IMPLICIT_RETAIN_SELF = YES;
				CLANG_WARN_OBJC_LITERAL_CONVERSION = YES;
				CLANG_WARN_OBJC_ROOT_CLASS = YES_ERROR;
				CLANG_WARN_RANGE_LOOP_ANALYSIS = YES;
				CLANG_WARN_STRICT_PROTOTYPES = YES;
				CLANG_WARN_SUSPICIOUS_MOVE = YES;
				CLANG_WARN_UNGUARDED_AVAILABILITY = YES_AGGRESSIVE;
				CLANG_WARN_UNREACHABLE_CODE = YES;
				CLANG_WARN__DUPLICATE_METHOD_MATCH = YES;
				CODE_SIGN_IDENTITY = "Mac Developer";
				COPY_PHASE_STRIP = NO;
				DEBUG_INFORMATION_FORMAT = dwarf;
				ENABLE_STRICT_OBJC_MSGSEND = YES;
				ENABLE_TESTABILITY = YES;
				GCC_C_LANGUAGE_STANDARD = gnu11;
				GCC_DYNAMIC_NO_PIC = NO;
				GCC_NO_COMMON_BLOCKS = YES;
				GCC_OPTIMIZATION_LEVEL = 0;
				GCC_PREPROCESSOR_DEFINITIONS = (
					"DEBUG=1",
					"$(inherited)",
				);
				GCC_WARN_64_TO_32_BIT_CONVERSION = YES;
				GCC_WARN_ABOUT_RETURN_TYPE = YES_ERROR;
				GCC_WARN_UNDECLARED_SELECTOR = YES;
				GCC_WARN_UNINITIALIZED_AUTOS = YES_AGGRESSIVE;
				GCC_WARN_UNUSED_FUNCTION = YES;
				GCC_WARN_UNUSED_VARIABLE = YES;
				MACOSX_DEPLOYMENT_TARGET = 10.13;
				MTL_ENABLE_DEBUG_INFO = INCLUDE_SOURCE;
				MTL_FAST_MATH = YES;
				ONLY_ACTIVE_ARCH = YES;
				SDKROOT = macosx;
				SWIFT_ACTIVE_COMPILATION_CONDITIONS = DEBUG;
				SWIFT_OPTIMIZATION_LEVEL = "-Onone";
			};
			name = Debug;
		};
		F8CCA4C121A1C896006014EF /* Release */ = {
			isa = XCBuildConfiguration;
			buildSettings = {
				ALWAYS_SEARCH_USER_PATHS = NO;
				CLANG_ANALYZER_NONNULL = YES;
				CLANG_ANALYZER_NUMBER_OBJECT_CONVERSION = YES_AGGRESSIVE;
				CLANG_CXX_LANGUAGE_STANDARD = "gnu++14";
				CLANG_CXX_LIBRARY = "libc++";
				CLANG_ENABLE_MODULES = YES;
				CLANG_ENABLE_OBJC_ARC = YES;
				CLANG_ENABLE_OBJC_WEAK = YES;
				CLANG_WARN_BLOCK_CAPTURE_AUTORELEASING = YES;
				CLANG_WARN_BOOL_CONVERSION = YES;
				CLANG_WARN_COMMA = YES;
				CLANG_WARN_CONSTANT_CONVERSION = YES;
				CLANG_WARN_DEPRECATED_OBJC_IMPLEMENTATIONS = YES;
				CLANG_WARN_DIRECT_OBJC_ISA_USAGE = YES_ERROR;
				CLANG_WARN_DOCUMENTATION_COMMENTS = YES;
				CLANG_WARN_EMPTY_BODY = YES;
				CLANG_WARN_ENUM_CONVERSION = YES;
				CLANG_WARN_INFINITE_RECURSION = YES;
				CLANG_WARN_INT_CONVERSION = YES;
				CLANG_WARN_NON_LITERAL_NULL_CONVERSION = YES;
				CLANG_WARN_OBJC_IMPLICIT_RETAIN_SELF = YES;
				CLANG_WARN_OBJC_LITERAL_CONVERSION = YES;
				CLANG_WARN_OBJC_ROOT_CLASS = YES_ERROR;
				CLANG_WARN_RANGE_LOOP_ANALYSIS = YES;
				CLANG_WARN_STRICT_PROTOTYPES = YES;
				CLANG_WARN_SUSPICIOUS_MOVE = YES;
				CLANG_WARN_UNGUARDED_AVAILABILITY = YES_AGGRESSIVE;
				CLANG_WARN_UNREACHABLE_CODE = YES;
				CLANG_WARN__DUPLICATE_METHOD_MATCH = YES;
				CODE_SIGN_IDENTITY = "Mac Developer";
				COPY_PHASE_STRIP = NO;
				DEBUG_INFORMATION_FORMAT = "dwarf-with-dsym";
				ENABLE_NS_ASSERTIONS = NO;
				ENABLE_STRICT_OBJC_MSGSEND = YES;
				GCC_C_LANGUAGE_STANDARD = gnu11;
				GCC_NO_COMMON_BLOCKS = YES;
				GCC_WARN_64_TO_32_BIT_CONVERSION = YES;
				GCC_WARN_ABOUT_RETURN_TYPE = YES_ERROR;
				GCC_WARN_UNDECLARED_SELECTOR = YES;
				GCC_WARN_UNINITIALIZED_AUTOS = YES_AGGRESSIVE;
				GCC_WARN_UNUSED_FUNCTION = YES;
				GCC_WARN_UNUSED_VARIABLE = YES;
				MACOSX_DEPLOYMENT_TARGET = 10.13;
				MTL_ENABLE_DEBUG_INFO = NO;
				MTL_FAST_MATH = YES;
				SDKROOT = macosx;
				SWIFT_COMPILATION_MODE = wholemodule;
				SWIFT_OPTIMIZATION_LEVEL = "-O";
			};
			name = Release;
		};
		F8CCA4C321A1C896006014EF /* Debug */ = {
			isa = XCBuildConfiguration;
			buildSettings = {
				ASSETCATALOG_COMPILER_APPICON_NAME = AppIcon;
				CODE_SIGN_STYLE = Automatic;
				COMBINE_HIDPI_IMAGES = YES;
				DEVELOPMENT_TEAM = J77L9EFZEW;
				INFOPLIST_FILE = SpritesheetCutter/Info.plist;
				LD_RUNPATH_SEARCH_PATHS = (
					"$(inherited)",
					"@executable_path/../Frameworks",
				);
				PRODUCT_BUNDLE_IDENTIFIER = com.oleygen.SpritesheetCutter;
				PRODUCT_NAME = "$(TARGET_NAME)";
				SWIFT_VERSION = 4.2;
			};
			name = Debug;
		};
		F8CCA4C421A1C896006014EF /* Release */ = {
			isa = XCBuildConfiguration;
			buildSettings = {
				ASSETCATALOG_COMPILER_APPICON_NAME = AppIcon;
				CODE_SIGN_STYLE = Automatic;
				COMBINE_HIDPI_IMAGES = YES;
				DEVELOPMENT_TEAM = J77L9EFZEW;
				INFOPLIST_FILE = SpritesheetCutter/Info.plist;
				LD_RUNPATH_SEARCH_PATHS = (
					"$(inherited)",
					"@executable_path/../Frameworks",
				);
				PRODUCT_BUNDLE_IDENTIFIER = com.oleygen.SpritesheetCutter;
				PRODUCT_NAME = "$(TARGET_NAME)";
				SWIFT_VERSION = 4.2;
			};
			name = Release;
		};
/* End XCBuildConfiguration section */

/* Begin XCConfigurationList section */
		F8CCA4AD21A1C88E006014EF /* Build configuration list for PBXProject "SpritesheetCutter" */ = {
			isa = XCConfigurationList;
			buildConfigurations = (
				F8CCA4C021A1C896006014EF /* Debug */,
				F8CCA4C121A1C896006014EF /* Release */,
			);
			defaultConfigurationIsVisible = 0;
			defaultConfigurationName = Release;
		};
		F8CCA4C221A1C896006014EF /* Build configuration list for PBXNativeTarget "SpritesheetCutter" */ = {
			isa = XCConfigurationList;
			buildConfigurations = (
				F8CCA4C321A1C896006014EF /* Debug */,
				F8CCA4C421A1C896006014EF /* Release */,
			);
			defaultConfigurationIsVisible = 0;
			defaultConfigurationName = Release;
		};
/* End XCConfigurationList section */
	};
	rootObject = F8CCA4AA21A1C88E006014EF /* Project object */;
}
